
Microsoft Visual Studio Solution File, Format Version 11.00
# Visual Studio 2010
Project("{FAE04EC0-301F-11D3-BF4B-00C04F79EFBC}") = "Assembly-CSharp-Editor", "Assembly-CSharp-Editor.csproj", "{6ae571f5-c161-4531-c06f-e43d879596dd}"
EndProject
Project("{FAE04EC0-301F-11D3-BF4B-00C04F79EFBC}") = "Assembly-CSharp", "Assembly-CSharp.csproj", "{7f4eb194-7015-83e2-b6b9-b3ba7427a6ff}"
EndProject
Global
	GlobalSection(SolutionConfigurationPlatforms) = preSolution
		Debug|Any CPU = Debug|Any CPU
	EndGlobalSection
	GlobalSection(ProjectConfigurationPlatforms) = postSolution
		{6ae571f5-c161-4531-c06f-e43d879596dd}.Debug|Any CPU.ActiveCfg = Debug|Any CPU
		{6ae571f5-c161-4531-c06f-e43d879596dd}.Debug|Any CPU.Build.0 = Debug|Any CPU
		{7f4eb194-7015-83e2-b6b9-b3ba7427a6ff}.Debug|Any CPU.ActiveCfg = Debug|Any CPU
		{7f4eb194-7015-83e2-b6b9-b3ba7427a6ff}.Debug|Any CPU.Build.0 = Debug|Any CPU
	EndGlobalSection
	GlobalSection(SolutionProperties) = preSolution
		HideSolutionNode = FALSE
	EndGlobalSection
EndGlobal
